PODS:
  - Countly (20.04.1):
    - Countly/Core (= 20.04.1)
  - Countly/Core (20.04.1)
  - countly_flutter (0.0.1):
    - Countly (= 20.04.1)
    - Flutter
  - Flutter (1.0.0)

DEPENDENCIES:
  - countly_flutter (from `.symlinks/plugins/countly_flutter/ios`)
  - Flutter (from `Flutter`)

SPEC REPOS:
  trunk:
    - Countly

EXTERNAL SOURCES:
  countly_flutter:
    :path: ".symlinks/plugins/countly_flutter/ios"
  Flutter:
    :path: Flutter

SPEC CHECKSUMS:
  Countly: 6ec96226ada1f7bbf2cfcb16a664c2b2d72be8d3
  countly_flutter: 61654461177e2283c956cbbe0bede26ab998255d
  Flutter: 0e3d915762c693b495b44d77113d4970485de6ec

PODFILE CHECKSUM: 025eae5b1fea6aaf1cbb1438df7b69c30f4c8f0b

COCOAPODS: 1.9.3
