PODS:
  - countly_flutter (23.8.3):
    - Flutter
  - Flutter (1.0.0)

DEPENDENCIES:
  - countly_flutter (from `.symlinks/plugins/countly_flutter/ios`)
  - Flutter (from `Flutter`)

EXTERNAL SOURCES:
  countly_flutter:
    :path: ".symlinks/plugins/countly_flutter/ios"
  Flutter:
    :path: Flutter

SPEC CHECKSUMS:
  countly_flutter: 9024d787ff03c4a2882bca3578edee80901b4289
  Flutter: f04841e97a9d0b0a8025694d0796dd46242b2854

PODFILE CHECKSUM: 7368163408c647b7eb699d0d788ba6718e18fb8d

COCOAPODS: 1.12.1
